// !$*UTF8*$!
{
	archiveVersion = 1;
	classes = {
	};
	objectVersion = 46;
	objects = {

/* Begin PBXBuildFile section */
		64B6AD2D1D95958C00DE4E19 /* AppDelegate.swift in Sources */ = {isa = PBXBuildFile; fileRef = 64B6AD2C1D95958C00DE4E19 /* AppDelegate.swift */; };
		64B6AD2F1D95958C00DE4E19 /* ViewController.swift in Sources */ = {isa = PBXBuildFile; fileRef = 64B6AD2E1D95958C00DE4E19 /* ViewController.swift */; };
		64B6AD321D95958C00DE4E19 /* Main.storyboard in Resources */ = {isa = PBXBuildFile; fileRef = 64B6AD301D95958C00DE4E19 /* Main.storyboard */; };
		64B6AD341D95958C00DE4E19 /* Assets.xcassets in Resources */ = {isa = PBXBuildFile; fileRef = 64B6AD331D95958C00DE4E19 /* Assets.xcassets */; };
		64B6AD371D95958C00DE4E19 /* LaunchScreen.storyboard in Resources */ = {isa = PBXBuildFile; fileRef = 64B6AD351D95958C00DE4E19 /* LaunchScreen.storyboard */; };
		64B6AD421D95958C00DE4E19 /* BoxyTableExampleTests.swift in Sources */ = {isa = PBXBuildFile; fileRef = 64B6AD411D95958C00DE4E19 /* BoxyTableExampleTests.swift */; };
		64B6AD4D1D959DF500DE4E19 /* mock_data.json in Resources */ = {isa = PBXBuildFile; fileRef = 64B6AD4C1D959DF500DE4E19 /* mock_data.json */; };
		64B6AD501D959F0600DE4E19 /* DataController.swift in Sources */ = {isa = PBXBuildFile; fileRef = 64B6AD4F1D959F0600DE4E19 /* DataController.swift */; };
		64B6AD521D96CFE400DE4E19 /* Item.swift in Sources */ = {isa = PBXBuildFile; fileRef = 64B6AD511D96CFE400DE4E19 /* Item.swift */; };
		64B6AD541D96E72C00DE4E19 /* ItemListViewModel.swift in Sources */ = {isa = PBXBuildFile; fileRef = 64B6AD531D96E72C00DE4E19 /* ItemListViewModel.swift */; };
		64B6AD561D96E74200DE4E19 /* ItemListDataSource.swift in Sources */ = {isa = PBXBuildFile; fileRef = 64B6AD551D96E74200DE4E19 /* ItemListDataSource.swift */; };
/* End PBXBuildFile section */

/* Begin PBXContainerItemProxy section */
		64B6AD3E1D95958C00DE4E19 /* PBXContainerItemProxy */ = {
			isa = PBXContainerItemProxy;
			containerPortal = 64B6AD211D95958C00DE4E19 /* Project object */;
			proxyType = 1;
			remoteGlobalIDString = 64B6AD281D95958C00DE4E19;
			remoteInfo = BoxyTableExample;
		};
/* End PBXContainerItemProxy section */

/* Begin PBXFileReference section */
		64B6AD291D95958C00DE4E19 /* BoxyTableExample.app */ = {isa = PBXFileReference; explicitFileType = wrapper.application; includeInIndex = 0; path = BoxyTableExample.app; sourceTree = BUILT_PRODUCTS_DIR; };
		64B6AD2C1D95958C00DE4E19 /* AppDelegate.swift */ = {isa = PBXFileReference; lastKnownFileType = sourcecode.swift; path = AppDelegate.swift; sourceTree = "<group>"; };
		64B6AD2E1D95958C00DE4E19 /* ViewController.swift */ = {isa = PBXFileReference; lastKnownFileType = sourcecode.swift; path = ViewController.swift; sourceTree = "<group>"; };
		64B6AD311D95958C00DE4E19 /* Base */ = {isa = PBXFileReference; lastKnownFileType = file.storyboard; name = Base; path = Base.lproj/Main.storyboard; sourceTree = "<group>"; };
		64B6AD331D95958C00DE4E19 /* Assets.xcassets */ = {isa = PBXFileReference; lastKnownFileType = folder.assetcatalog; path = Assets.xcassets; sourceTree = "<group>"; };
		64B6AD361D95958C00DE4E19 /* Base */ = {isa = PBXFileReference; lastKnownFileType = file.storyboard; name = Base; path = Base.lproj/LaunchScreen.storyboard; sourceTree = "<group>"; };
		64B6AD381D95958C00DE4E19 /* Info.plist */ = {isa = PBXFileReference; lastKnownFileType = text.plist.xml; path = Info.plist; sourceTree = "<group>"; };
		64B6AD3D1D95958C00DE4E19 /* BoxyTableExampleTests.xctest */ = {isa = PBXFileReference; explicitFileType = wrapper.cfbundle; includeInIndex = 0; path = BoxyTableExampleTests.xctest; sourceTree = BUILT_PRODUCTS_DIR; };
		64B6AD411D95958C00DE4E19 /* BoxyTableExampleTests.swift */ = {isa = PBXFileReference; lastKnownFileType = sourcecode.swift; path = BoxyTableExampleTests.swift; sourceTree = "<group>"; };
		64B6AD431D95958C00DE4E19 /* Info.plist */ = {isa = PBXFileReference; lastKnownFileType = text.plist.xml; path = Info.plist; sourceTree = "<group>"; };
		64B6AD4C1D959DF500DE4E19 /* mock_data.json */ = {isa = PBXFileReference; fileEncoding = 4; lastKnownFileType = text.json; path = mock_data.json; sourceTree = "<group>"; };
		64B6AD4F1D959F0600DE4E19 /* DataController.swift */ = {isa = PBXFileReference; fileEncoding = 4; lastKnownFileType = sourcecode.swift; path = DataController.swift; sourceTree = "<group>"; };
		64B6AD511D96CFE400DE4E19 /* Item.swift */ = {isa = PBXFileReference; fileEncoding = 4; lastKnownFileType = sourcecode.swift; path = Item.swift; sourceTree = "<group>"; };
		64B6AD531D96E72C00DE4E19 /* ItemListViewModel.swift */ = {isa = PBXFileReference; fileEncoding = 4; lastKnownFileType = sourcecode.swift; path = ItemListViewModel.swift; sourceTree = "<group>"; };
		64B6AD551D96E74200DE4E19 /* ItemListDataSource.swift */ = {isa = PBXFileReference; fileEncoding = 4; lastKnownFileType = sourcecode.swift; path = ItemListDataSource.swift; sourceTree = "<group>"; };
/* End PBXFileReference section */

/* Begin PBXFrameworksBuildPhase section */
		64B6AD261D95958C00DE4E19 /* Frameworks */ = {
			isa = PBXFrameworksBuildPhase;
			buildActionMask = 2147483647;
			files = (
			);
			runOnlyForDeploymentPostprocessing = 0;
		};
		64B6AD3A1D95958C00DE4E19 /* Frameworks */ = {
			isa = PBXFrameworksBuildPhase;
			buildActionMask = 2147483647;
			files = (
			);
			runOnlyForDeploymentPostprocessing = 0;
		};
/* End PBXFrameworksBuildPhase section */

/* Begin PBXGroup section */
		64B6AD201D95958C00DE4E19 = {
			isa = PBXGroup;
			children = (
				64B6AD4C1D959DF500DE4E19 /* mock_data.json */,
				64B6AD2B1D95958C00DE4E19 /* BoxyTableExample */,
				64B6AD401D95958C00DE4E19 /* BoxyTableExampleTests */,
				64B6AD2A1D95958C00DE4E19 /* Products */,
			);
			sourceTree = "<group>";
		};
		64B6AD2A1D95958C00DE4E19 /* Products */ = {
			isa = PBXGroup;
			children = (
				64B6AD291D95958C00DE4E19 /* BoxyTableExample.app */,
				64B6AD3D1D95958C00DE4E19 /* BoxyTableExampleTests.xctest */,
			);
			name = Products;
			sourceTree = "<group>";
		};
		64B6AD2B1D95958C00DE4E19 /* BoxyTableExample */ = {
			isa = PBXGroup;
			children = (
				64B6AD4E1D959E1000DE4E19 /* Model */,
				64B6AD2C1D95958C00DE4E19 /* AppDelegate.swift */,
				64B6AD2E1D95958C00DE4E19 /* ViewController.swift */,
				64B6AD531D96E72C00DE4E19 /* ItemListViewModel.swift */,
				64B6AD551D96E74200DE4E19 /* ItemListDataSource.swift */,
				64B6AD301D95958C00DE4E19 /* Main.storyboard */,
				64B6AD331D95958C00DE4E19 /* Assets.xcassets */,
				64B6AD351D95958C00DE4E19 /* LaunchScreen.storyboard */,
				64B6AD381D95958C00DE4E19 /* Info.plist */,
			);
			path = BoxyTableExample;
			sourceTree = "<group>";
		};
		64B6AD401D95958C00DE4E19 /* BoxyTableExampleTests */ = {
			isa = PBXGroup;
			children = (
				64B6AD411D95958C00DE4E19 /* BoxyTableExampleTests.swift */,
				64B6AD431D95958C00DE4E19 /* Info.plist */,
			);
			path = BoxyTableExampleTests;
			sourceTree = "<group>";
		};
		64B6AD4E1D959E1000DE4E19 /* Model */ = {
			isa = PBXGroup;
			children = (
				64B6AD4F1D959F0600DE4E19 /* DataController.swift */,
				64B6AD511D96CFE400DE4E19 /* Item.swift */,
			);
			name = Model;
			sourceTree = "<group>";
		};
/* End PBXGroup section */

/* Begin PBXNativeTarget section */
		64B6AD281D95958C00DE4E19 /* BoxyTableExample */ = {
			isa = PBXNativeTarget;
			buildConfigurationList = 64B6AD461D95958C00DE4E19 /* Build configuration list for PBXNativeTarget "BoxyTableExample" */;
			buildPhases = (
				64B6AD251D95958C00DE4E19 /* Sources */,
				64B6AD261D95958C00DE4E19 /* Frameworks */,
				64B6AD271D95958C00DE4E19 /* Resources */,
			);
			buildRules = (
			);
			dependencies = (
			);
			name = BoxyTableExample;
			productName = BoxyTableExample;
			productReference = 64B6AD291D95958C00DE4E19 /* BoxyTableExample.app */;
			productType = "com.apple.product-type.application";
		};
		64B6AD3C1D95958C00DE4E19 /* BoxyTableExampleTests */ = {
			isa = PBXNativeTarget;
			buildConfigurationList = 64B6AD491D95958C00DE4E19 /* Build configuration list for PBXNativeTarget "BoxyTableExampleTests" */;
			buildPhases = (
				64B6AD391D95958C00DE4E19 /* Sources */,
				64B6AD3A1D95958C00DE4E19 /* Frameworks */,
				64B6AD3B1D95958C00DE4E19 /* Resources */,
			);
			buildRules = (
			);
			dependencies = (
				64B6AD3F1D95958C00DE4E19 /* PBXTargetDependency */,
			);
			name = BoxyTableExampleTests;
			productName = BoxyTableExampleTests;
			productReference = 64B6AD3D1D95958C00DE4E19 /* BoxyTableExampleTests.xctest */;
			productType = "com.apple.product-type.bundle.unit-test";
		};
/* End PBXNativeTarget section */

/* Begin PBXProject section */
		64B6AD211D95958C00DE4E19 /* Project object */ = {
			isa = PBXProject;
			attributes = {
				LastSwiftUpdateCheck = 0800;
				LastUpgradeCheck = 0800;
				ORGANIZATIONNAME = "Weien Wang";
				TargetAttributes = {
					64B6AD281D95958C00DE4E19 = {
						CreatedOnToolsVersion = 8.0;
						ProvisioningStyle = Automatic;
					};
					64B6AD3C1D95958C00DE4E19 = {
						CreatedOnToolsVersion = 8.0;
						ProvisioningStyle = Automatic;
						TestTargetID = 64B6AD281D95958C00DE4E19;
					};
				};
			};
			buildConfigurationList = 64B6AD241D95958C00DE4E19 /* Build configuration list for PBXProject "BoxyTableExample" */;
			compatibilityVersion = "Xcode 3.2";
			developmentRegion = English;
			hasScannedForEncodings = 0;
			knownRegions = (
				en,
				Base,
			);
			mainGroup = 64B6AD201D95958C00DE4E19;
			productRefGroup = 64B6AD2A1D95958C00DE4E19 /* Products */;
			projectDirPath = "";
			projectRoot = "";
			targets = (
				64B6AD281D95958C00DE4E19 /* BoxyTableExample */,
				64B6AD3C1D95958C00DE4E19 /* BoxyTableExampleTests */,
			);
		};
/* End PBXProject section */

/* Begin PBXResourcesBuildPhase section */
		64B6AD271D95958C00DE4E19 /* Resources */ = {
			isa = PBXResourcesBuildPhase;
			buildActionMask = 2147483647;
			files = (
				64B6AD371D95958C00DE4E19 /* LaunchScreen.storyboard in Resources */,
				64B6AD4D1D959DF500DE4E19 /* mock_data.json in Resources */,
				64B6AD341D95958C00DE4E19 /* Assets.xcassets in Resources */,
				64B6AD321D95958C00DE4E19 /* Main.storyboard in Resources */,
			);
			runOnlyForDeploymentPostprocessing = 0;
		};
		64B6AD3B1D95958C00DE4E19 /* Resources */ = {
			isa = PBXResourcesBuildPhase;
			buildActionMask = 2147483647;
			files = (
			);
			runOnlyForDeploymentPostprocessing = 0;
		};
/* End PBXResourcesBuildPhase section */

/* Begin PBXSourcesBuildPhase section */
		64B6AD251D95958C00DE4E19 /* Sources */ = {
			isa = PBXSourcesBuildPhase;
			buildActionMask = 2147483647;
			files = (
				64B6AD521D96CFE400DE4E19 /* Item.swift in Sources */,
				64B6AD2F1D95958C00DE4E19 /* ViewController.swift in Sources */,
				64B6AD541D96E72C00DE4E19 /* ItemListViewModel.swift in Sources */,
				64B6AD501D959F0600DE4E19 /* DataController.swift in Sources */,
				64B6AD2D1D95958C00DE4E19 /* AppDelegate.swift in Sources */,
				64B6AD561D96E74200DE4E19 /* ItemListDataSource.swift in Sources */,
			);
			runOnlyForDeploymentPostprocessing = 0;
		};
		64B6AD391D95958C00DE4E19 /* Sources */ = {
			isa = PBXSourcesBuildPhase;
			buildActionMask = 2147483647;
			files = (
				64B6AD421D95958C00DE4E19 /* BoxyTableExampleTests.swift in Sources */,
			);
			runOnlyForDeploymentPostprocessing = 0;
		};
/* End PBXSourcesBuildPhase section */

/* Begin PBXTargetDependency section */
		64B6AD3F1D95958C00DE4E19 /* PBXTargetDependency */ = {
			isa = PBXTargetDependency;
			target = 64B6AD281D95958C00DE4E19 /* BoxyTableExample */;
			targetProxy = 64B6AD3E1D95958C00DE4E19 /* PBXContainerItemProxy */;
		};
/* End PBXTargetDependency section */

/* Begin PBXVariantGroup section */
		64B6AD301D95958C00DE4E19 /* Main.storyboard */ = {
			isa = PBXVariantGroup;
			children = (
				64B6AD311D95958C00DE4E19 /* Base */,
			);
			name = Main.storyboard;
			sourceTree = "<group>";
		};
		64B6AD351D95958C00DE4E19 /* LaunchScreen.storyboard */ = {
			isa = PBXVariantGroup;
			children = (
				64B6AD361D95958C00DE4E19 /* Base */,
			);
			name = LaunchScreen.storyboard;
			sourceTree = "<group>";
		};
/* End PBXVariantGroup section */

/* Begin XCBuildConfiguration section */
		64B6AD441D95958C00DE4E19 /* Debug */ = {
			isa = XCBuildConfiguration;
			buildSettings = {
				ALWAYS_SEARCH_USER_PATHS = NO;
				CLANG_ANALYZER_NONNULL = YES;
				CLANG_CXX_LANGUAGE_STANDARD = "gnu++0x";
				CLANG_CXX_LIBRARY = "libc++";
				CLANG_ENABLE_MODULES = YES;
				CLANG_ENABLE_OBJC_ARC = YES;
				CLANG_WARN_BOOL_CONVERSION = YES;
				CLANG_WARN_CONSTANT_CONVERSION = YES;
				CLANG_WARN_DIRECT_OBJC_ISA_USAGE = YES_ERROR;
				CLANG_WARN_DOCUMENTATION_COMMENTS = YES;
				CLANG_WARN_EMPTY_BODY = YES;
				CLANG_WARN_ENUM_CONVERSION = YES;
				CLANG_WARN_INFINITE_RECURSION = YES;
				CLANG_WARN_INT_CONVERSION = YES;
				CLANG_WARN_OBJC_ROOT_CLASS = YES_ERROR;
				CLANG_WARN_SUSPICIOUS_MOVES = YES;
				CLANG_WARN_UNREACHABLE_CODE = YES;
				CLANG_WARN__DUPLICATE_METHOD_MATCH = YES;
				"CODE_SIGN_IDENTITY[sdk=iphoneos*]" = "iPhone Developer";
				COPY_PHASE_STRIP = NO;
				DEBUG_INFORMATION_FORMAT = dwarf;
				ENABLE_STRICT_OBJC_MSGSEND = YES;
				ENABLE_TESTABILITY = YES;
				GCC_C_LANGUAGE_STANDARD = gnu99;
				GCC_DYNAMIC_NO_PIC = NO;
				GCC_NO_COMMON_BLOCKS = YES;
				GCC_OPTIMIZATION_LEVEL = 0;
				GCC_PREPROCESSOR_DEFINITIONS = (
					"DEBUG=1",
					"$(inherited)",
				);
				GCC_WARN_64_TO_32_BIT_CONVERSION = YES;
				GCC_WARN_ABOUT_RETURN_TYPE = YES_ERROR;
				GCC_WARN_UNDECLARED_SELECTOR = YES;
				GCC_WARN_UNINITIALIZED_AUTOS = YES_AGGRESSIVE;
				GCC_WARN_UNUSED_FUNCTION = YES;
				GCC_WARN_UNUSED_VARIABLE = YES;
				IPHONEOS_DEPLOYMENT_TARGET = 10.0;
				MTL_ENABLE_DEBUG_INFO = YES;
				ONLY_ACTIVE_ARCH = YES;
				SDKROOT = iphoneos;
				SWIFT_ACTIVE_COMPILATION_CONDITIONS = DEBUG;
				SWIFT_OPTIMIZATION_LEVEL = "-Onone";
			};
			name = Debug;
		};
		64B6AD451D95958C00DE4E19 /* Release */ = {
			isa = XCBuildConfiguration;
			buildSettings = {
				ALWAYS_SEARCH_USER_PATHS = NO;
				CLANG_ANALYZER_NONNULL = YES;
				CLANG_CXX_LANGUAGE_STANDARD = "gnu++0x";
				CLANG_CXX_LIBRARY = "libc++";
				CLANG_ENABLE_MODULES = YES;
				CLANG_ENABLE_OBJC_ARC = YES;
				CLANG_WARN_BOOL_CONVERSION = YES;
				CLANG_WARN_CONSTANT_CONVERSION = YES;
				CLANG_WARN_DIRECT_OBJC_ISA_USAGE = YES_ERROR;
				CLANG_WARN_DOCUMENTATION_COMMENTS = YES;
				CLANG_WARN_EMPTY_BODY = YES;
				CLANG_WARN_ENUM_CONVERSION = YES;
				CLANG_WARN_INFINITE_RECURSION = YES;
				CLANG_WARN_INT_CONVERSION = YES;
				CLANG_WARN_OBJC_ROOT_CLASS = YES_ERROR;
				CLANG_WARN_SUSPICIOUS_MOVES = YES;
				CLANG_WARN_UNREACHABLE_CODE = YES;
				CLANG_WARN__DUPLICATE_METHOD_MATCH = YES;
				"CODE_SIGN_IDENTITY[sdk=iphoneos*]" = "iPhone Developer";
				COPY_PHASE_STRIP = NO;
				DEBUG_INFORMATION_FORMAT = "dwarf-with-dsym";
				ENABLE_NS_ASSERTIONS = NO;
				ENABLE_STRICT_OBJC_MSGSEND = YES;
				GCC_C_LANGUAGE_STANDARD = gnu99;
				GCC_NO_COMMON_BLOCKS = YES;
				GCC_WARN_64_TO_32_BIT_CONVERSION = YES;
				GCC_WARN_ABOUT_RETURN_TYPE = YES_ERROR;
				GCC_WARN_UNDECLARED_SELECTOR = YES;
				GCC_WARN_UNINITIALIZED_AUTOS = YES_AGGRESSIVE;
				GCC_WARN_UNUSED_FUNCTION = YES;
				GCC_WARN_UNUSED_VARIABLE = YES;
				IPHONEOS_DEPLOYMENT_TARGET = 10.0;
				MTL_ENABLE_DEBUG_INFO = NO;
				SDKROOT = iphoneos;
				SWIFT_OPTIMIZATION_LEVEL = "-Owholemodule";
				VALIDATE_PRODUCT = YES;
			};
			name = Release;
		};
		64B6AD471D95958C00DE4E19 /* Debug */ = {
			isa = XCBuildConfiguration;
			buildSettings = {
				ASSETCATALOG_COMPILER_APPICON_NAME = AppIcon;
				INFOPLIST_FILE = BoxyTableExample/Info.plist;
				LD_RUNPATH_SEARCH_PATHS = "$(inherited) @executable_path/Frameworks";
				PRODUCT_BUNDLE_IDENTIFIER = org.weien.BoxyTableExample;
				PRODUCT_NAME = "$(TARGET_NAME)";
				SWIFT_VERSION = 3.0;
			};
			name = Debug;
		};
		64B6AD481D95958C00DE4E19 /* Release */ = {
			isa = XCBuildConfiguration;
			buildSettings = {
				ASSETCATALOG_COMPILER_APPICON_NAME = AppIcon;
				INFOPLIST_FILE = BoxyTableExample/Info.plist;
				LD_RUNPATH_SEARCH_PATHS = "$(inherited) @executable_path/Frameworks";
				PRODUCT_BUNDLE_IDENTIFIER = org.weien.BoxyTableExample;
				PRODUCT_NAME = "$(TARGET_NAME)";
				SWIFT_VERSION = 3.0;
			};
			name = Release;
		};
		64B6AD4A1D95958C00DE4E19 /* Debug */ = {
			isa = XCBuildConfiguration;
			buildSettings = {
				ALWAYS_EMBED_SWIFT_STANDARD_LIBRARIES = YES;
				BUNDLE_LOADER = "$(TEST_HOST)";
				INFOPLIST_FILE = BoxyTableExampleTests/Info.plist;
				LD_RUNPATH_SEARCH_PATHS = "$(inherited) @executable_path/Frameworks @loader_path/Frameworks";
				PRODUCT_BUNDLE_IDENTIFIER = org.weien.BoxyTableExampleTests;
				PRODUCT_NAME = "$(TARGET_NAME)";
				SWIFT_VERSION = 3.0;
				TEST_HOST = "$(BUILT_PRODUCTS_DIR)/BoxyTableExample.app/BoxyTableExample";
			};
			name = Debug;
		};
		64B6AD4B1D95958C00DE4E19 /* Release */ = {
			isa = XCBuildConfiguration;
			buildSettings = {
				ALWAYS_EMBED_SWIFT_STANDARD_LIBRARIES = YES;
				BUNDLE_LOADER = "$(TEST_HOST)";
				INFOPLIST_FILE = BoxyTableExampleTests/Info.plist;
				LD_RUNPATH_SEARCH_PATHS = "$(inherited) @executable_path/Frameworks @loader_path/Frameworks";
				PRODUCT_BUNDLE_IDENTIFIER = org.weien.BoxyTableExampleTests;
				PRODUCT_NAME = "$(TARGET_NAME)";
				SWIFT_VERSION = 3.0;
				TEST_HOST = "$(BUILT_PRODUCTS_DIR)/BoxyTableExample.app/BoxyTableExample";
			};
			name = Release;
		};
/* End XCBuildConfiguration section */

/* Begin XCConfigurationList section */
		64B6AD241D95958C00DE4E19 /* Build configuration list for PBXProject "BoxyTableExample" */ = {
			isa = XCConfigurationList;
			buildConfigurations = (
				64B6AD441D95958C00DE4E19 /* Debug */,
				64B6AD451D95958C00DE4E19 /* Release */,
			);
			defaultConfigurationIsVisible = 0;
			defaultConfigurationName = Release;
		};
		64B6AD461D95958C00DE4E19 /* Build configuration list for PBXNativeTarget "BoxyTableExample" */ = {
			isa = XCConfigurationList;
			buildConfigurations = (
				64B6AD471D95958C00DE4E19 /* Debug */,
				64B6AD481D95958C00DE4E19 /* Release */,
			);
			defaultConfigurationIsVisible = 0;
		};
		64B6AD491D95958C00DE4E19 /* Build configuration list for PBXNativeTarget "BoxyTableExampleTests" */ = {
			isa = XCConfigurationList;
			buildConfigurations = (
				64B6AD4A1D95958C00DE4E19 /* Debug */,
				64B6AD4B1D95958C00DE4E19 /* Release */,
			);
			defaultConfigurationIsVisible = 0;
		};
/* End XCConfigurationList section */
	};
	rootObject = 64B6AD211D95958C00DE4E19 /* Project object */;
}
